{
  "version": "3",
  "remote": {
    "https://cdn.jsdelivr.net/gh/rivy-fix/escalade@19b6c73c3e/deno/sync.ts": "a930dbb09bbf27c2188193c76812e1bf26df07aae628f906c622b42ae59d474d",
    "https://cdn.jsdelivr.net/gh/rivy-fix/y18n@4035918354/build/lib/index.js": "80f120700d89520c0250577abfd6391ad96b81e811cfd7ee319c19fe3a22aa42",
    "https://cdn.jsdelivr.net/gh/rivy-fix/y18n@4035918354/deno.ts": "32748759463b3c621fe5f7a43de044ede4373613dd800f0152f99f4db2c0a992",
    "https://cdn.jsdelivr.net/gh/rivy-fix/y18n@4035918354/lib/platform-shims/deno.ts": "4b9e47c5a486331db22bd1d80c53bc02538194e7f0fe1b030d6c29f686a54edd",
    "https://cdn.jsdelivr.net/gh/rivy-fix/yargs-parser@78e3cb983e/build/lib/string-utils.js": "d0cf49e598693900ccd4606d97d5b14590f710afc35f26fa32ccdc1ca9be4149",
    "https://cdn.jsdelivr.net/gh/rivy-fix/yargs-parser@78e3cb983e/build/lib/tokenize-arg-string.js": "357938643c3216e28fb5ffd6ee8b1e96b5984b21752fc7829bc4d7da5619a0c5",
    "https://cdn.jsdelivr.net/gh/rivy-fix/yargs-parser@78e3cb983e/build/lib/yargs-parser-types.js": "e6c895a359dd37a1a5f30ff989a6cca031a60e090f632dba067bf63c79e4af30",
    "https://cdn.jsdelivr.net/gh/rivy-fix/yargs-parser@78e3cb983e/build/lib/yargs-parser.js": "d9a6692f92f20ede126928ba41f98e3a37b02b52dcbc968da9ac641479d85663",
    "https://cdn.jsdelivr.net/gh/rivy-fix/yargs-parser@78e3cb983e/deno.ts": "f954bb8f90afa9b1cbc3f227203567223f3eb881632522b4043d83de21f17b1a",
    "https://deno.land/std@0.134.0/_util/assert.ts": "e94f2eb37cebd7f199952e242c77654e43333c1ac4c5c700e929ea3aa5489f74",
    "https://deno.land/std@0.134.0/_util/os.ts": "49b92edea1e82ba295ec946de8ffd956ed123e2948d9bd1d3e901b04e4307617",
    "https://deno.land/std@0.134.0/fmt/colors.ts": "30455035d6d728394781c10755351742dd731e3db6771b1843f9b9e490104d37",
    "https://deno.land/std@0.134.0/path/_constants.ts": "df1db3ffa6dd6d1252cc9617e5d72165cd2483df90e93833e13580687b6083c3",
    "https://deno.land/std@0.134.0/path/_interface.ts": "ee3b431a336b80cf445441109d089b70d87d5e248f4f90ff906820889ecf8d09",
    "https://deno.land/std@0.134.0/path/_util.ts": "c1e9686d0164e29f7d880b2158971d805b6e0efc3110d0b3e24e4b8af2190d2b",
    "https://deno.land/std@0.134.0/path/common.ts": "bee563630abd2d97f99d83c96c2fa0cca7cee103e8cb4e7699ec4d5db7bd2633",
    "https://deno.land/std@0.134.0/path/glob.ts": "cb5255638de1048973c3e69e420c77dc04f75755524cb3b2e160fe9277d939ee",
    "https://deno.land/std@0.134.0/path/mod.ts": "4275129bb766f0e475ecc5246aa35689eeade419d72a48355203f31802640be7",
    "https://deno.land/std@0.134.0/path/posix.ts": "663e4a6fe30a145f56aa41a22d95114c4c5582d8b57d2d7c9ed27ad2c47636bb",
    "https://deno.land/std@0.134.0/path/separator.ts": "fe1816cb765a8068afb3e8f13ad272351c85cbc739af56dacfc7d93d710fe0f9",
    "https://deno.land/std@0.134.0/path/win32.ts": "e7bdf63e8d9982b4d8a01ef5689425c93310ece950e517476e22af10f41a136e",
    "https://deno.land/std@0.134.0/testing/_diff.ts": "9d849cd6877694152e01775b2d93f9d6b7aef7e24bfe3bfafc4d7a1ac8e9f392",
    "https://deno.land/std@0.134.0/testing/asserts.ts": "b0ef969032882b1f7eb1c7571e313214baa1485f7b61cf35807b2434e254365c",
    "https://deno.land/std@0.159.0/_util/assert.ts": "e94f2eb37cebd7f199952e242c77654e43333c1ac4c5c700e929ea3aa5489f74",
    "https://deno.land/std@0.159.0/_util/os.ts": "8a33345f74990e627b9dfe2de9b040004b08ea5146c7c9e8fe9a29070d193934",
    "https://deno.land/std@0.159.0/fmt/printf.ts": "111a4df40a81799da778421ae0260f278e5d79877e30e92403cd57d197a8d1b0",
    "https://deno.land/std@0.159.0/path/_constants.ts": "df1db3ffa6dd6d1252cc9617e5d72165cd2483df90e93833e13580687b6083c3",
    "https://deno.land/std@0.159.0/path/_interface.ts": "ee3b431a336b80cf445441109d089b70d87d5e248f4f90ff906820889ecf8d09",
    "https://deno.land/std@0.159.0/path/_util.ts": "d16be2a16e1204b65f9d0dfc54a9bc472cafe5f4a190b3c8471ec2016ccd1677",
    "https://deno.land/std@0.159.0/path/common.ts": "bee563630abd2d97f99d83c96c2fa0cca7cee103e8cb4e7699ec4d5db7bd2633",
    "https://deno.land/std@0.159.0/path/glob.ts": "cb5255638de1048973c3e69e420c77dc04f75755524cb3b2e160fe9277d939ee",
    "https://deno.land/std@0.159.0/path/mod.ts": "56fec03ad0ebd61b6ab39ddb9b0ddb4c4a5c9f2f4f632e09dd37ec9ebfd722ac",
    "https://deno.land/std@0.159.0/path/posix.ts": "c1f7afe274290ea0b51da07ee205653b2964bd74909a82deb07b69a6cc383aaa",
    "https://deno.land/std@0.159.0/path/separator.ts": "fe1816cb765a8068afb3e8f13ad272351c85cbc739af56dacfc7d93d710fe0f9",
    "https://deno.land/std@0.159.0/path/win32.ts": "bd7549042e37879c68ff2f8576a25950abbfca1d696d41d82c7bca0b7e6f452c",
    "https://deno.land/x/cliui@v7.0.4-deno/build/lib/index.js": "fb6030c7b12602a4fca4d81de3ddafa301ba84fd9df73c53de6f3bdda7b482d5",
    "https://deno.land/x/cliui@v7.0.4-deno/build/lib/string-utils.js": "b3eb9d2e054a43a3064af17332fb1839a7dadb205c5371af4789616afb1a117f",
    "https://deno.land/x/cliui@v7.0.4-deno/deno.ts": "d07bc3338661f8011e3a5fd215061d17a52107a5383c29f40ce0c1ecb8bb8cc3"
  },
  "workspace": {
    "packageJson": {
      "dependencies": [
        "npm:@types/chai@^4.2.11",
        "npm:@types/mocha@^9.0.0",
        "npm:@types/node@^18.0.0",
        "npm:c8@^7.7.0",
        "npm:chai@^4.2.0",
        "npm:chalk@^4.0.0",
        "npm:cliui@^8.0.1",
        "npm:coveralls@^3.0.9",
        "npm:cpr@^3.0.1",
        "npm:cross-env@^7.0.2",
        "npm:cross-spawn@^7.0.0",
        "npm:escalade@^3.1.1",
        "npm:eslint@^7.23.0",
        "npm:get-caller-file@^2.0.5",
        "npm:gts@^3.0.0",
        "npm:hashish@0.0.4",
        "npm:mocha@^9.0.0",
        "npm:require-directory@^2.1.1",
        "npm:rimraf@^3.0.2",
        "npm:rollup-plugin-cleanup@^3.1.1",
        "npm:rollup-plugin-terser@^7.0.2",
        "npm:rollup-plugin-ts@^2.0.4",
        "npm:rollup@^2.23.0",
        "npm:string-width@^4.2.3",
        "npm:typescript@^4.0.2 <4.5.0",
        "npm:which@^2.0.0",
        "npm:y18n@^5.0.5",
        "npm:yargs-parser@^21.1.1",
        "npm:yargs-test-extends@^1.0.1"
      ]
    }
  }
}
